
Microsoft Visual Studio Solution File, Format Version 12.00
# Visual Studio Version 17
VisualStudioVersion = 17.7.34031.279
MinimumVisualStudioVersion = 10.0.40219.1
Project("{FAE04EC0-301F-11D3-BF4B-00C04F79EFBC}") = "LearnRegex", "LearnRegex\LearnRegex.csproj", "{BFD59060-240E-44D1-9C78-DD44BAF5BD1F}"
EndProject
Global
	GlobalSection(SolutionConfigurationPlatforms) = preSolution
		Debug|Any CPU = Debug|Any CPU
		Release|Any CPU = Release|Any CPU
	EndGlobalSection
	GlobalSection(ProjectConfigurationPlatforms) = postSolution
		{BFD59060-240E-44D1-9C78-DD44BAF5BD1F}.Debug|Any CPU.ActiveCfg = Debug|Any CPU
		{BFD59060-240E-44D1-9C78-DD44BAF5BD1F}.Debug|Any CPU.Build.0 = Debug|Any CPU
		{BFD59060-240E-44D1-9C78-DD44BAF5BD1F}.Release|Any CPU.ActiveCfg = Release|Any CPU
		{BFD59060-240E-44D1-9C78-DD44BAF5BD1F}.Release|Any CPU.Build.0 = Release|Any CPU
	EndGlobalSection
	GlobalSection(SolutionProperties) = preSolution
		HideSolutionNode = FALSE
	EndGlobalSection
	GlobalSection(ExtensibilityGlobals) = postSolution
		SolutionGuid = {9471EA24-3203-42CF-848E-76402148E29F}
	EndGlobalSection
EndGlobal
