
Microsoft Visual Studio Solution File, Format Version 12.00
# Visual Studio Version 17
VisualStudioVersion = 17.7.34031.279
MinimumVisualStudioVersion = 10.0.40219.1
Project("{FAE04EC0-301F-11D3-BF4B-00C04F79EFBC}") = "APIs Example 1", "APIs Example 1\APIs Example 1.csproj", "{71C70AC4-B526-49F5-91A8-125899E2F316}"
EndProject
Global
	GlobalSection(SolutionConfigurationPlatforms) = preSolution
		Debug|Any CPU = Debug|Any CPU
		Release|Any CPU = Release|Any CPU
	EndGlobalSection
	GlobalSection(ProjectConfigurationPlatforms) = postSolution
		{71C70AC4-B526-49F5-91A8-125899E2F316}.Debug|Any CPU.ActiveCfg = Debug|Any CPU
		{71C70AC4-B526-49F5-91A8-125899E2F316}.Debug|Any CPU.Build.0 = Debug|Any CPU
		{71C70AC4-B526-49F5-91A8-125899E2F316}.Release|Any CPU.ActiveCfg = Release|Any CPU
		{71C70AC4-B526-49F5-91A8-125899E2F316}.Release|Any CPU.Build.0 = Release|Any CPU
	EndGlobalSection
	GlobalSection(SolutionProperties) = preSolution
		HideSolutionNode = FALSE
	EndGlobalSection
	GlobalSection(ExtensibilityGlobals) = postSolution
		SolutionGuid = {C1093701-FF61-4243-A86F-BF665408D257}
	EndGlobalSection
EndGlobal
