
Microsoft Visual Studio Solution File, Format Version 12.00
# Visual Studio Version 17
VisualStudioVersion = 17.7.34031.279
MinimumVisualStudioVersion = 10.0.40219.1
Project("{FAE04EC0-301F-11D3-BF4B-00C04F79EFBC}") = "APIs Example", "APIs Example\APIs Example.csproj", "{28595077-F9EC-431F-968D-3CB37DFBA8EB}"
EndProject
Global
	GlobalSection(SolutionConfigurationPlatforms) = preSolution
		Debug|Any CPU = Debug|Any CPU
		Release|Any CPU = Release|Any CPU
	EndGlobalSection
	GlobalSection(ProjectConfigurationPlatforms) = postSolution
		{28595077-F9EC-431F-968D-3CB37DFBA8EB}.Debug|Any CPU.ActiveCfg = Debug|Any CPU
		{28595077-F9EC-431F-968D-3CB37DFBA8EB}.Debug|Any CPU.Build.0 = Debug|Any CPU
		{28595077-F9EC-431F-968D-3CB37DFBA8EB}.Release|Any CPU.ActiveCfg = Release|Any CPU
		{28595077-F9EC-431F-968D-3CB37DFBA8EB}.Release|Any CPU.Build.0 = Release|Any CPU
	EndGlobalSection
	GlobalSection(SolutionProperties) = preSolution
		HideSolutionNode = FALSE
	EndGlobalSection
	GlobalSection(ExtensibilityGlobals) = postSolution
		SolutionGuid = {837AB76F-3EB8-4BC0-AEC5-790F46D47E38}
	EndGlobalSection
EndGlobal
