
Microsoft Visual Studio Solution File, Format Version 12.00
# Visual Studio Version 17
VisualStudioVersion = 17.7.34031.279
MinimumVisualStudioVersion = 10.0.40219.1
Project("{FAE04EC0-301F-11D3-BF4B-00C04F79EFBC}") = "CrawlData", "CrawData\CrawlData.csproj", "{D3FEBE57-50E6-490B-97BC-79C698133070}"
EndProject
Global
	GlobalSection(SolutionConfigurationPlatforms) = preSolution
		Debug|Any CPU = Debug|Any CPU
		Release|Any CPU = Release|Any CPU
	EndGlobalSection
	GlobalSection(ProjectConfigurationPlatforms) = postSolution
		{D3FEBE57-50E6-490B-97BC-79C698133070}.Debug|Any CPU.ActiveCfg = Debug|Any CPU
		{D3FEBE57-50E6-490B-97BC-79C698133070}.Debug|Any CPU.Build.0 = Debug|Any CPU
		{D3FEBE57-50E6-490B-97BC-79C698133070}.Release|Any CPU.ActiveCfg = Release|Any CPU
		{D3FEBE57-50E6-490B-97BC-79C698133070}.Release|Any CPU.Build.0 = Release|Any CPU
	EndGlobalSection
	GlobalSection(SolutionProperties) = preSolution
		HideSolutionNode = FALSE
	EndGlobalSection
	GlobalSection(ExtensibilityGlobals) = postSolution
		SolutionGuid = {7D5399A4-4E63-4946-B044-E4BBF35249C1}
	EndGlobalSection
EndGlobal
